{
  "name": "morgan-murrah",
  "version": "7.1.0",
  "lockfileVersion": 2,
  "requires": true,
  "packages": {
    "": {
      "name": "morgan-murrah",
      "version": "7.1.0",
      "dependencies": {
        "@axe-core/playwright": "^4.8.1"
      },
      "devDependencies": {
        "@playwright/test": "^1.40.0"
      }
    },
    "node_modules/@axe-core/playwright": {
      "version": "4.8.1",
      "resolved": "https://registry.npmjs.org/@axe-core/playwright/-/playwright-4.8.1.tgz",
      "integrity": "sha512-KC1X++UdRAwMLRvB+BIKFheyLHUnbJTL0t0Wbv6TJMozn2V2QyEtAcN6jyUiudtGiLUGhHCtj/eWorBnVZ4dAA==",
      "dependencies": {
        "axe-core": "~4.8.2"
      },
      "peerDependencies": {
        "playwright-core": ">= 1.0.0"
      }
    },
    "node_modules/@playwright/test": {
      "version": "1.40.0",
      "resolved": "https://registry.npmjs.org/@playwright/test/-/test-1.40.0.tgz",
      "integrity": "sha512-PdW+kn4eV99iP5gxWNSDQCbhMaDVej+RXL5xr6t04nbKLCBwYtA046t7ofoczHOm8u6c+45hpDKQVZqtqwkeQg==",
      "dev": true,
      "dependencies": {
        "playwright": "1.40.0"
      },
      "bin": {
        "playwright": "cli.js"
      },
      "engines": {
        "node": ">=16"
      }
    },
    "node_modules/axe-core": {
      "version": "4.8.2",
      "resolved": "https://registry.npmjs.org/axe-core/-/axe-core-4.8.2.tgz",
      "integrity": "sha512-/dlp0fxyM3R8YW7MFzaHWXrf4zzbr0vaYb23VBFCl83R7nWNPg/yaQw2Dc8jzCMmDVLhSdzH8MjrsuIUuvX+6g==",
      "engines": {
        "node": ">=4"
      }
    },
    "node_modules/fsevents": {
      "version": "2.3.2",
      "resolved": "https://registry.npmjs.org/fsevents/-/fsevents-2.3.2.tgz",
      "integrity": "sha512-xiqMQR4xAeHTuB9uWm+fFRcIOgKBMiOBP+eXiyT7jsgVCq1bkVygt00oASowB7EdtpOHaaPgKt812P9ab+DDKA==",
      "dev": true,
      "hasInstallScript": true,
      "optional": true,
      "os": [
        "darwin"
      ],
      "engines": {
        "node": "^8.16.0 || ^10.6.0 || >=11.0.0"
      }
    },
    "node_modules/playwright": {
      "version": "1.40.0",
      "resolved": "https://registry.npmjs.org/playwright/-/playwright-1.40.0.tgz",
      "integrity": "sha512-gyHAgQjiDf1m34Xpwzaqb76KgfzYrhK7iih+2IzcOCoZWr/8ZqmdBw+t0RU85ZmfJMgtgAiNtBQ/KS2325INXw==",
      "dev": true,
      "dependencies": {
        "playwright-core": "1.40.0"
      },
      "bin": {
        "playwright": "cli.js"
      },
      "engines": {
        "node": ">=16"
      },
      "optionalDependencies": {
        "fsevents": "2.3.2"
      }
    },
    "node_modules/playwright-core": {
      "version": "1.40.0",
      "resolved": "https://registry.npmjs.org/playwright-core/-/playwright-core-1.40.0.tgz",
      "integrity": "sha512-fvKewVJpGeca8t0ipM56jkVSU6Eo0RmFvQ/MaCQNDYm+sdvKkMBBWTE1FdeMqIdumRaXXjZChWHvIzCGM/tA/Q==",
      "bin": {
        "playwright-core": "cli.js"
      },
      "engines": {
        "node": ">=16"
      }
    }
  },
  "dependencies": {
    "@axe-core/playwright": {
      "version": "4.8.1",
      "resolved": "https://registry.npmjs.org/@axe-core/playwright/-/playwright-4.8.1.tgz",
      "integrity": "sha512-KC1X++UdRAwMLRvB+BIKFheyLHUnbJTL0t0Wbv6TJMozn2V2QyEtAcN6jyUiudtGiLUGhHCtj/eWorBnVZ4dAA==",
      "requires": {
        "axe-core": "~4.8.2"
      }
    },
    "@playwright/test": {
      "version": "1.40.0",
      "resolved": "https://registry.npmjs.org/@playwright/test/-/test-1.40.0.tgz",
      "integrity": "sha512-PdW+kn4eV99iP5gxWNSDQCbhMaDVej+RXL5xr6t04nbKLCBwYtA046t7ofoczHOm8u6c+45hpDKQVZqtqwkeQg==",
      "dev": true,
      "requires": {
        "playwright": "1.40.0"
      }
    },
    "axe-core": {
      "version": "4.8.2",
      "resolved": "https://registry.npmjs.org/axe-core/-/axe-core-4.8.2.tgz",
      "integrity": "sha512-/dlp0fxyM3R8YW7MFzaHWXrf4zzbr0vaYb23VBFCl83R7nWNPg/yaQw2Dc8jzCMmDVLhSdzH8MjrsuIUuvX+6g=="
    },
    "fsevents": {
      "version": "2.3.2",
      "resolved": "https://registry.npmjs.org/fsevents/-/fsevents-2.3.2.tgz",
      "integrity": "sha512-xiqMQR4xAeHTuB9uWm+fFRcIOgKBMiOBP+eXiyT7jsgVCq1bkVygt00oASowB7EdtpOHaaPgKt812P9ab+DDKA==",
      "dev": true,
      "optional": true
    },
    "playwright": {
      "version": "1.40.0",
      "resolved": "https://registry.npmjs.org/playwright/-/playwright-1.40.0.tgz",
      "integrity": "sha512-gyHAgQjiDf1m34Xpwzaqb76KgfzYrhK7iih+2IzcOCoZWr/8ZqmdBw+t0RU85ZmfJMgtgAiNtBQ/KS2325INXw==",
      "dev": true,
      "requires": {
        "fsevents": "2.3.2",
        "playwright-core": "1.40.0"
      }
    },
    "playwright-core": {
      "version": "1.40.0",
      "resolved": "https://registry.npmjs.org/playwright-core/-/playwright-core-1.40.0.tgz",
      "integrity": "sha512-fvKewVJpGeca8t0ipM56jkVSU6Eo0RmFvQ/MaCQNDYm+sdvKkMBBWTE1FdeMqIdumRaXXjZChWHvIzCGM/tA/Q=="
    }
  }
}
